
Microsoft Visual Studio Solution File, Format Version 12.00
# Visual Studio Version 16
VisualStudioVersion = 16.0.30621.155
MinimumVisualStudioVersion = 10.0.40219.1
Project("{9A19103F-16F7-4668-BE54-9A1E7A4F7556}") = "Entities", "Entities\Entities.csproj", "{4B55F5DA-2E92-4F6C-A83A-BA1E35F89899}"
EndProject
Project("{9A19103F-16F7-4668-BE54-9A1E7A4F7556}") = "DataAccess", "DataAccess\DataAccess.csproj", "{D985839F-D4FA-401D-A562-2DB0A8ACFDB9}"
EndProject
Project("{9A19103F-16F7-4668-BE54-9A1E7A4F7556}") = "Business", "Business\Business.csproj", "{27A8FA65-F52E-40B0-B55E-EBAFF79666D8}"
EndProject
Project("{9A19103F-16F7-4668-BE54-9A1E7A4F7556}") = "ConsoleUI", "ConsoleUI\ConsoleUI.csproj", "{6DC4A5BC-8A99-47CC-94DC-E566DD7EBAD0}"
EndProject
Project("{9A19103F-16F7-4668-BE54-9A1E7A4F7556}") = "Core", "Core\Core.csproj", "{66BC6256-BC1A-46E2-BF1E-9E4F6C3CBC4B}"
EndProject
Project("{FAE04EC0-301F-11D3-BF4B-00C04F79EFBC}") = "WebAPI", "WebAPI\WebAPI.csproj", "{701CF419-2776-4F60-8242-23652AA31E29}"
EndProject
Global
	GlobalSection(SolutionConfigurationPlatforms) = preSolution
		Debug|Any CPU = Debug|Any CPU
		Release|Any CPU = Release|Any CPU
	EndGlobalSection
	GlobalSection(ProjectConfigurationPlatforms) = postSolution
		{4B55F5DA-2E92-4F6C-A83A-BA1E35F89899}.Debug|Any CPU.ActiveCfg = Debug|Any CPU
		{4B55F5DA-2E92-4F6C-A83A-BA1E35F89899}.Debug|Any CPU.Build.0 = Debug|Any CPU
		{4B55F5DA-2E92-4F6C-A83A-BA1E35F89899}.Release|Any CPU.ActiveCfg = Release|Any CPU
		{4B55F5DA-2E92-4F6C-A83A-BA1E35F89899}.Release|Any CPU.Build.0 = Release|Any CPU
		{D985839F-D4FA-401D-A562-2DB0A8ACFDB9}.Debug|Any CPU.ActiveCfg = Debug|Any CPU
		{D985839F-D4FA-401D-A562-2DB0A8ACFDB9}.Debug|Any CPU.Build.0 = Debug|Any CPU
		{D985839F-D4FA-401D-A562-2DB0A8ACFDB9}.Release|Any CPU.ActiveCfg = Release|Any CPU
		{D985839F-D4FA-401D-A562-2DB0A8ACFDB9}.Release|Any CPU.Build.0 = Release|Any CPU
		{27A8FA65-F52E-40B0-B55E-EBAFF79666D8}.Debug|Any CPU.ActiveCfg = Debug|Any CPU
		{27A8FA65-F52E-40B0-B55E-EBAFF79666D8}.Debug|Any CPU.Build.0 = Debug|Any CPU
		{27A8FA65-F52E-40B0-B55E-EBAFF79666D8}.Release|Any CPU.ActiveCfg = Release|Any CPU
		{27A8FA65-F52E-40B0-B55E-EBAFF79666D8}.Release|Any CPU.Build.0 = Release|Any CPU
		{6DC4A5BC-8A99-47CC-94DC-E566DD7EBAD0}.Debug|Any CPU.ActiveCfg = Debug|Any CPU
		{6DC4A5BC-8A99-47CC-94DC-E566DD7EBAD0}.Debug|Any CPU.Build.0 = Debug|Any CPU
		{6DC4A5BC-8A99-47CC-94DC-E566DD7EBAD0}.Release|Any CPU.ActiveCfg = Release|Any CPU
		{6DC4A5BC-8A99-47CC-94DC-E566DD7EBAD0}.Release|Any CPU.Build.0 = Release|Any CPU
		{66BC6256-BC1A-46E2-BF1E-9E4F6C3CBC4B}.Debug|Any CPU.ActiveCfg = Debug|Any CPU
		{66BC6256-BC1A-46E2-BF1E-9E4F6C3CBC4B}.Debug|Any CPU.Build.0 = Debug|Any CPU
		{66BC6256-BC1A-46E2-BF1E-9E4F6C3CBC4B}.Release|Any CPU.ActiveCfg = Release|Any CPU
		{66BC6256-BC1A-46E2-BF1E-9E4F6C3CBC4B}.Release|Any CPU.Build.0 = Release|Any CPU
		{701CF419-2776-4F60-8242-23652AA31E29}.Debug|Any CPU.ActiveCfg = Debug|Any CPU
		{701CF419-2776-4F60-8242-23652AA31E29}.Debug|Any CPU.Build.0 = Debug|Any CPU
		{701CF419-2776-4F60-8242-23652AA31E29}.Release|Any CPU.ActiveCfg = Release|Any CPU
		{701CF419-2776-4F60-8242-23652AA31E29}.Release|Any CPU.Build.0 = Release|Any CPU
	EndGlobalSection
	GlobalSection(SolutionProperties) = preSolution
		HideSolutionNode = FALSE
	EndGlobalSection
	GlobalSection(ExtensibilityGlobals) = postSolution
		SolutionGuid = {E27AC0AF-9960-4D5D-942F-E1FB48FF86B6}
	EndGlobalSection
EndGlobal
